
Microsoft Visual Studio Solution File, Format Version 12.00
# Visual Studio Version 16
VisualStudioVersion = 16.0.30517.126
MinimumVisualStudioVersion = 10.0.40219.1
Project("{9A19103F-16F7-4668-BE54-9A1E7A4F7556}") = "SegundoParcial", "SegundoParcial.csproj", "{F92D678C-F094-4AF2-8C6F-2EAB6AE17A3E}"
EndProject
Project("{E53339B2-1760-4266-BCC7-CA923CBCF16C}") = "docker-compose", "docker-compose.dcproj", "{D1A409C9-E8BC-43F5-BF5E-4C7BA7502967}"
EndProject
Global
	GlobalSection(SolutionConfigurationPlatforms) = preSolution
		Debug|Any CPU = Debug|Any CPU
		Release|Any CPU = Release|Any CPU
	EndGlobalSection
	GlobalSection(ProjectConfigurationPlatforms) = postSolution
		{F92D678C-F094-4AF2-8C6F-2EAB6AE17A3E}.Debug|Any CPU.ActiveCfg = Debug|Any CPU
		{F92D678C-F094-4AF2-8C6F-2EAB6AE17A3E}.Debug|Any CPU.Build.0 = Debug|Any CPU
		{F92D678C-F094-4AF2-8C6F-2EAB6AE17A3E}.Release|Any CPU.ActiveCfg = Release|Any CPU
		{F92D678C-F094-4AF2-8C6F-2EAB6AE17A3E}.Release|Any CPU.Build.0 = Release|Any CPU
		{D1A409C9-E8BC-43F5-BF5E-4C7BA7502967}.Debug|Any CPU.ActiveCfg = Debug|Any CPU
		{D1A409C9-E8BC-43F5-BF5E-4C7BA7502967}.Debug|Any CPU.Build.0 = Debug|Any CPU
		{D1A409C9-E8BC-43F5-BF5E-4C7BA7502967}.Release|Any CPU.ActiveCfg = Release|Any CPU
		{D1A409C9-E8BC-43F5-BF5E-4C7BA7502967}.Release|Any CPU.Build.0 = Release|Any CPU
	EndGlobalSection
	GlobalSection(SolutionProperties) = preSolution
		HideSolutionNode = FALSE
	EndGlobalSection
	GlobalSection(ExtensibilityGlobals) = postSolution
		SolutionGuid = {B21F45C2-DFA9-44CC-9D29-EA4DFB0F3981}
	EndGlobalSection
EndGlobal
